// !$*UTF8*$!
{
	archiveVersion = 1;
	classes = {
	};
	objectVersion = 56;
	objects = {

/* Begin PBXBuildFile section */
		8F23E7342A1DF2E5006D9A7E /* AVAudioEngineExampleApp.swift in Sources */ = {isa = PBXBuildFile; fileRef = 8F23E7332A1DF2E5006D9A7E /* AVAudioEngineExampleApp.swift */; };
		8F23E7362A1DF2E5006D9A7E /* ContentView.swift in Sources */ = {isa = PBXBuildFile; fileRef = 8F23E7352A1DF2E5006D9A7E /* ContentView.swift */; };
		8F23E7382A1DF2E8006D9A7E /* Assets.xcassets in Resources */ = {isa = PBXBuildFile; fileRef = 8F23E7372A1DF2E8006D9A7E /* Assets.xcassets */; };
		8F23E73B2A1DF2E8006D9A7E /* Preview Assets.xcassets in Resources */ = {isa = PBXBuildFile; fileRef = 8F23E73A2A1DF2E8006D9A7E /* Preview Assets.xcassets */; };
		8F23E7452A1DF2E8006D9A7E /* AVAudioEngineExampleTests.swift in Sources */ = {isa = PBXBuildFile; fileRef = 8F23E7442A1DF2E8006D9A7E /* AVAudioEngineExampleTests.swift */; };
		8F23E74F2A1DF2E8006D9A7E /* AVAudioEngineExampleUITests.swift in Sources */ = {isa = PBXBuildFile; fileRef = 8F23E74E2A1DF2E8006D9A7E /* AVAudioEngineExampleUITests.swift */; };
		8F23E7512A1DF2E8006D9A7E /* AVAudioEngineExampleUITestsLaunchTests.swift in Sources */ = {isa = PBXBuildFile; fileRef = 8F23E7502A1DF2E8006D9A7E /* AVAudioEngineExampleUITestsLaunchTests.swift */; };
		8F23E75E2A1DF313006D9A7E /* AudioEngineManager.swift in Sources */ = {isa = PBXBuildFile; fileRef = 8F23E75D2A1DF312006D9A7E /* AudioEngineManager.swift */; };
		8F23E7602A1DF33E006D9A7E /* OriginalSound.swift in Sources */ = {isa = PBXBuildFile; fileRef = 8F23E75F2A1DF33E006D9A7E /* OriginalSound.swift */; };
		8F23E7622A1DF34B006D9A7E /* CustomSound.swift in Sources */ = {isa = PBXBuildFile; fileRef = 8F23E7612A1DF34B006D9A7E /* CustomSound.swift */; };
		8F23E7642A1DF356006D9A7E /* AudioVariation.swift in Sources */ = {isa = PBXBuildFile; fileRef = 8F23E7632A1DF356006D9A7E /* AudioVariation.swift */; };
		8F23E7662A1DF361006D9A7E /* AudioFilter.swift in Sources */ = {isa = PBXBuildFile; fileRef = 8F23E7652A1DF361006D9A7E /* AudioFilter.swift */; };
		8F23E76C2A1DF3DB006D9A7E /* UserDefaultsManager.swift in Sources */ = {isa = PBXBuildFile; fileRef = 8F23E76B2A1DF3DB006D9A7E /* UserDefaultsManager.swift */; };
		8F23E76E2A1DF402006D9A7E /* UserFileManager.swift in Sources */ = {isa = PBXBuildFile; fileRef = 8F23E76D2A1DF402006D9A7E /* UserFileManager.swift */; };
		8F23E7722A1DF56F006D9A7E /* Sound in Resources */ = {isa = PBXBuildFile; fileRef = 8F23E7712A1DF56F006D9A7E /* Sound */; };
		8F23E7742A1DF59F006D9A7E /* SoundCategory.swift in Sources */ = {isa = PBXBuildFile; fileRef = 8F23E7732A1DF59F006D9A7E /* SoundCategory.swift */; };
/* End PBXBuildFile section */

/* Begin PBXContainerItemProxy section */
		8F23E7412A1DF2E8006D9A7E /* PBXContainerItemProxy */ = {
			isa = PBXContainerItemProxy;
			containerPortal = 8F23E7282A1DF2E5006D9A7E /* Project object */;
			proxyType = 1;
			remoteGlobalIDString = 8F23E72F2A1DF2E5006D9A7E;
			remoteInfo = AVAudioEngineExample;
		};
		8F23E74B2A1DF2E8006D9A7E /* PBXContainerItemProxy */ = {
			isa = PBXContainerItemProxy;
			containerPortal = 8F23E7282A1DF2E5006D9A7E /* Project object */;
			proxyType = 1;
			remoteGlobalIDString = 8F23E72F2A1DF2E5006D9A7E;
			remoteInfo = AVAudioEngineExample;
		};
/* End PBXContainerItemProxy section */

/* Begin PBXFileReference section */
		8F23E7302A1DF2E5006D9A7E /* AVAudioEngineExample.app */ = {isa = PBXFileReference; explicitFileType = wrapper.application; includeInIndex = 0; path = AVAudioEngineExample.app; sourceTree = BUILT_PRODUCTS_DIR; };
		8F23E7332A1DF2E5006D9A7E /* AVAudioEngineExampleApp.swift */ = {isa = PBXFileReference; lastKnownFileType = sourcecode.swift; path = AVAudioEngineExampleApp.swift; sourceTree = "<group>"; };
		8F23E7352A1DF2E5006D9A7E /* ContentView.swift */ = {isa = PBXFileReference; lastKnownFileType = sourcecode.swift; path = ContentView.swift; sourceTree = "<group>"; };
		8F23E7372A1DF2E8006D9A7E /* Assets.xcassets */ = {isa = PBXFileReference; lastKnownFileType = folder.assetcatalog; path = Assets.xcassets; sourceTree = "<group>"; };
		8F23E73A2A1DF2E8006D9A7E /* Preview Assets.xcassets */ = {isa = PBXFileReference; lastKnownFileType = folder.assetcatalog; path = "Preview Assets.xcassets"; sourceTree = "<group>"; };
		8F23E7402A1DF2E8006D9A7E /* AVAudioEngineExampleTests.xctest */ = {isa = PBXFileReference; explicitFileType = wrapper.cfbundle; includeInIndex = 0; path = AVAudioEngineExampleTests.xctest; sourceTree = BUILT_PRODUCTS_DIR; };
		8F23E7442A1DF2E8006D9A7E /* AVAudioEngineExampleTests.swift */ = {isa = PBXFileReference; lastKnownFileType = sourcecode.swift; path = AVAudioEngineExampleTests.swift; sourceTree = "<group>"; };
		8F23E74A2A1DF2E8006D9A7E /* AVAudioEngineExampleUITests.xctest */ = {isa = PBXFileReference; explicitFileType = wrapper.cfbundle; includeInIndex = 0; path = AVAudioEngineExampleUITests.xctest; sourceTree = BUILT_PRODUCTS_DIR; };
		8F23E74E2A1DF2E8006D9A7E /* AVAudioEngineExampleUITests.swift */ = {isa = PBXFileReference; lastKnownFileType = sourcecode.swift; path = AVAudioEngineExampleUITests.swift; sourceTree = "<group>"; };
		8F23E7502A1DF2E8006D9A7E /* AVAudioEngineExampleUITestsLaunchTests.swift */ = {isa = PBXFileReference; lastKnownFileType = sourcecode.swift; path = AVAudioEngineExampleUITestsLaunchTests.swift; sourceTree = "<group>"; };
		8F23E75D2A1DF312006D9A7E /* AudioEngineManager.swift */ = {isa = PBXFileReference; lastKnownFileType = sourcecode.swift; path = AudioEngineManager.swift; sourceTree = "<group>"; };
		8F23E75F2A1DF33E006D9A7E /* OriginalSound.swift */ = {isa = PBXFileReference; lastKnownFileType = sourcecode.swift; path = OriginalSound.swift; sourceTree = "<group>"; };
		8F23E7612A1DF34B006D9A7E /* CustomSound.swift */ = {isa = PBXFileReference; lastKnownFileType = sourcecode.swift; path = CustomSound.swift; sourceTree = "<group>"; };
		8F23E7632A1DF356006D9A7E /* AudioVariation.swift */ = {isa = PBXFileReference; lastKnownFileType = sourcecode.swift; path = AudioVariation.swift; sourceTree = "<group>"; };
		8F23E7652A1DF361006D9A7E /* AudioFilter.swift */ = {isa = PBXFileReference; lastKnownFileType = sourcecode.swift; path = AudioFilter.swift; sourceTree = "<group>"; };
		8F23E76B2A1DF3DB006D9A7E /* UserDefaultsManager.swift */ = {isa = PBXFileReference; lastKnownFileType = sourcecode.swift; path = UserDefaultsManager.swift; sourceTree = "<group>"; };
		8F23E76D2A1DF402006D9A7E /* UserFileManager.swift */ = {isa = PBXFileReference; lastKnownFileType = sourcecode.swift; path = UserFileManager.swift; sourceTree = "<group>"; };
		8F23E7712A1DF56F006D9A7E /* Sound */ = {isa = PBXFileReference; lastKnownFileType = folder; path = Sound; sourceTree = "<group>"; };
		8F23E7732A1DF59F006D9A7E /* SoundCategory.swift */ = {isa = PBXFileReference; lastKnownFileType = sourcecode.swift; path = SoundCategory.swift; sourceTree = "<group>"; };
/* End PBXFileReference section */

/* Begin PBXFrameworksBuildPhase section */
		8F23E72D2A1DF2E5006D9A7E /* Frameworks */ = {
			isa = PBXFrameworksBuildPhase;
			buildActionMask = 2147483647;
			files = (
			);
			runOnlyForDeploymentPostprocessing = 0;
		};
		8F23E73D2A1DF2E8006D9A7E /* Frameworks */ = {
			isa = PBXFrameworksBuildPhase;
			buildActionMask = 2147483647;
			files = (
			);
			runOnlyForDeploymentPostprocessing = 0;
		};
		8F23E7472A1DF2E8006D9A7E /* Frameworks */ = {
			isa = PBXFrameworksBuildPhase;
			buildActionMask = 2147483647;
			files = (
			);
			runOnlyForDeploymentPostprocessing = 0;
		};
/* End PBXFrameworksBuildPhase section */

/* Begin PBXGroup section */
		8F23E7272A1DF2E5006D9A7E = {
			isa = PBXGroup;
			children = (
				8F23E7322A1DF2E5006D9A7E /* AVAudioEngineExample */,
				8F23E7432A1DF2E8006D9A7E /* AVAudioEngineExampleTests */,
				8F23E74D2A1DF2E8006D9A7E /* AVAudioEngineExampleUITests */,
				8F23E7312A1DF2E5006D9A7E /* Products */,
			);
			sourceTree = "<group>";
		};
		8F23E7312A1DF2E5006D9A7E /* Products */ = {
			isa = PBXGroup;
			children = (
				8F23E7302A1DF2E5006D9A7E /* AVAudioEngineExample.app */,
				8F23E7402A1DF2E8006D9A7E /* AVAudioEngineExampleTests.xctest */,
				8F23E74A2A1DF2E8006D9A7E /* AVAudioEngineExampleUITests.xctest */,
			);
			name = Products;
			sourceTree = "<group>";
		};
		8F23E7322A1DF2E5006D9A7E /* AVAudioEngineExample */ = {
			isa = PBXGroup;
			children = (
				8F23E7692A1DF38F006D9A7E /* App */,
				8F23E7392A1DF2E8006D9A7E /* Preview Content */,
			);
			path = AVAudioEngineExample;
			sourceTree = "<group>";
		};
		8F23E7392A1DF2E8006D9A7E /* Preview Content */ = {
			isa = PBXGroup;
			children = (
				8F23E73A2A1DF2E8006D9A7E /* Preview Assets.xcassets */,
			);
			path = "Preview Content";
			sourceTree = "<group>";
		};
		8F23E7432A1DF2E8006D9A7E /* AVAudioEngineExampleTests */ = {
			isa = PBXGroup;
			children = (
				8F23E7442A1DF2E8006D9A7E /* AVAudioEngineExampleTests.swift */,
			);
			path = AVAudioEngineExampleTests;
			sourceTree = "<group>";
		};
		8F23E74D2A1DF2E8006D9A7E /* AVAudioEngineExampleUITests */ = {
			isa = PBXGroup;
			children = (
				8F23E74E2A1DF2E8006D9A7E /* AVAudioEngineExampleUITests.swift */,
				8F23E7502A1DF2E8006D9A7E /* AVAudioEngineExampleUITestsLaunchTests.swift */,
			);
			path = AVAudioEngineExampleUITests;
			sourceTree = "<group>";
		};
		8F23E7672A1DF36A006D9A7E /* Models */ = {
			isa = PBXGroup;
			children = (
				8F23E75F2A1DF33E006D9A7E /* OriginalSound.swift */,
				8F23E7612A1DF34B006D9A7E /* CustomSound.swift */,
				8F23E7632A1DF356006D9A7E /* AudioVariation.swift */,
				8F23E7652A1DF361006D9A7E /* AudioFilter.swift */,
				8F23E7732A1DF59F006D9A7E /* SoundCategory.swift */,
			);
			path = Models;
			sourceTree = "<group>";
		};
		8F23E7682A1DF379006D9A7E /* Managers */ = {
			isa = PBXGroup;
			children = (
				8F23E75D2A1DF312006D9A7E /* AudioEngineManager.swift */,
				8F23E76B2A1DF3DB006D9A7E /* UserDefaultsManager.swift */,
				8F23E76D2A1DF402006D9A7E /* UserFileManager.swift */,
			);
			path = Managers;
			sourceTree = "<group>";
		};
		8F23E7692A1DF38F006D9A7E /* App */ = {
			isa = PBXGroup;
			children = (
				8F23E7702A1DF53C006D9A7E /* Assets */,
				8F23E7672A1DF36A006D9A7E /* Models */,
				8F23E7682A1DF379006D9A7E /* Managers */,
				8F23E76A2A1DF39C006D9A7E /* Views */,
				8F23E7332A1DF2E5006D9A7E /* AVAudioEngineExampleApp.swift */,
			);
			path = App;
			sourceTree = "<group>";
		};
		8F23E76A2A1DF39C006D9A7E /* Views */ = {
			isa = PBXGroup;
			children = (
				8F23E7352A1DF2E5006D9A7E /* ContentView.swift */,
			);
			path = Views;
			sourceTree = "<group>";
		};
		8F23E7702A1DF53C006D9A7E /* Assets */ = {
			isa = PBXGroup;
			children = (
				8F23E7712A1DF56F006D9A7E /* Sound */,
				8F23E7372A1DF2E8006D9A7E /* Assets.xcassets */,
			);
			path = Assets;
			sourceTree = "<group>";
		};
/* End PBXGroup section */

/* Begin PBXNativeTarget section */
		8F23E72F2A1DF2E5006D9A7E /* AVAudioEngineExample */ = {
			isa = PBXNativeTarget;
			buildConfigurationList = 8F23E7542A1DF2E8006D9A7E /* Build configuration list for PBXNativeTarget "AVAudioEngineExample" */;
			buildPhases = (
				8F23E72C2A1DF2E5006D9A7E /* Sources */,
				8F23E72D2A1DF2E5006D9A7E /* Frameworks */,
				8F23E72E2A1DF2E5006D9A7E /* Resources */,
			);
			buildRules = (
			);
			dependencies = (
			);
			name = AVAudioEngineExample;
			productName = AVAudioEngineExample;
			productReference = 8F23E7302A1DF2E5006D9A7E /* AVAudioEngineExample.app */;
			productType = "com.apple.product-type.application";
		};
		8F23E73F2A1DF2E8006D9A7E /* AVAudioEngineExampleTests */ = {
			isa = PBXNativeTarget;
			buildConfigurationList = 8F23E7572A1DF2E8006D9A7E /* Build configuration list for PBXNativeTarget "AVAudioEngineExampleTests" */;
			buildPhases = (
				8F23E73C2A1DF2E8006D9A7E /* Sources */,
				8F23E73D2A1DF2E8006D9A7E /* Frameworks */,
				8F23E73E2A1DF2E8006D9A7E /* Resources */,
			);
			buildRules = (
			);
			dependencies = (
				8F23E7422A1DF2E8006D9A7E /* PBXTargetDependency */,
			);
			name = AVAudioEngineExampleTests;
			productName = AVAudioEngineExampleTests;
			productReference = 8F23E7402A1DF2E8006D9A7E /* AVAudioEngineExampleTests.xctest */;
			productType = "com.apple.product-type.bundle.unit-test";
		};
		8F23E7492A1DF2E8006D9A7E /* AVAudioEngineExampleUITests */ = {
			isa = PBXNativeTarget;
			buildConfigurationList = 8F23E75A2A1DF2E8006D9A7E /* Build configuration list for PBXNativeTarget "AVAudioEngineExampleUITests" */;
			buildPhases = (
				8F23E7462A1DF2E8006D9A7E /* Sources */,
				8F23E7472A1DF2E8006D9A7E /* Frameworks */,
				8F23E7482A1DF2E8006D9A7E /* Resources */,
			);
			buildRules = (
			);
			dependencies = (
				8F23E74C2A1DF2E8006D9A7E /* PBXTargetDependency */,
			);
			name = AVAudioEngineExampleUITests;
			productName = AVAudioEngineExampleUITests;
			productReference = 8F23E74A2A1DF2E8006D9A7E /* AVAudioEngineExampleUITests.xctest */;
			productType = "com.apple.product-type.bundle.ui-testing";
		};
/* End PBXNativeTarget section */

/* Begin PBXProject section */
		8F23E7282A1DF2E5006D9A7E /* Project object */ = {
			isa = PBXProject;
			attributes = {
				BuildIndependentTargetsInParallel = 1;
				LastSwiftUpdateCheck = 1430;
				LastUpgradeCheck = 1430;
				TargetAttributes = {
					8F23E72F2A1DF2E5006D9A7E = {
						CreatedOnToolsVersion = 14.3;
					};
					8F23E73F2A1DF2E8006D9A7E = {
						CreatedOnToolsVersion = 14.3;
						TestTargetID = 8F23E72F2A1DF2E5006D9A7E;
					};
					8F23E7492A1DF2E8006D9A7E = {
						CreatedOnToolsVersion = 14.3;
						TestTargetID = 8F23E72F2A1DF2E5006D9A7E;
					};
				};
			};
			buildConfigurationList = 8F23E72B2A1DF2E5006D9A7E /* Build configuration list for PBXProject "AVAudioEngineExample" */;
			compatibilityVersion = "Xcode 14.0";
			developmentRegion = en;
			hasScannedForEncodings = 0;
			knownRegions = (
				en,
				Base,
			);
			mainGroup = 8F23E7272A1DF2E5006D9A7E;
			productRefGroup = 8F23E7312A1DF2E5006D9A7E /* Products */;
			projectDirPath = "";
			projectRoot = "";
			targets = (
				8F23E72F2A1DF2E5006D9A7E /* AVAudioEngineExample */,
				8F23E73F2A1DF2E8006D9A7E /* AVAudioEngineExampleTests */,
				8F23E7492A1DF2E8006D9A7E /* AVAudioEngineExampleUITests */,
			);
		};
/* End PBXProject section */

/* Begin PBXResourcesBuildPhase section */
		8F23E72E2A1DF2E5006D9A7E /* Resources */ = {
			isa = PBXResourcesBuildPhase;
			buildActionMask = 2147483647;
			files = (
				8F23E7722A1DF56F006D9A7E /* Sound in Resources */,
				8F23E73B2A1DF2E8006D9A7E /* Preview Assets.xcassets in Resources */,
				8F23E7382A1DF2E8006D9A7E /* Assets.xcassets in Resources */,
			);
			runOnlyForDeploymentPostprocessing = 0;
		};
		8F23E73E2A1DF2E8006D9A7E /* Resources */ = {
			isa = PBXResourcesBuildPhase;
			buildActionMask = 2147483647;
			files = (
			);
			runOnlyForDeploymentPostprocessing = 0;
		};
		8F23E7482A1DF2E8006D9A7E /* Resources */ = {
			isa = PBXResourcesBuildPhase;
			buildActionMask = 2147483647;
			files = (
			);
			runOnlyForDeploymentPostprocessing = 0;
		};
/* End PBXResourcesBuildPhase section */

/* Begin PBXSourcesBuildPhase section */
		8F23E72C2A1DF2E5006D9A7E /* Sources */ = {
			isa = PBXSourcesBuildPhase;
			buildActionMask = 2147483647;
			files = (
				8F23E7602A1DF33E006D9A7E /* OriginalSound.swift in Sources */,
				8F23E7662A1DF361006D9A7E /* AudioFilter.swift in Sources */,
				8F23E7622A1DF34B006D9A7E /* CustomSound.swift in Sources */,
				8F23E7642A1DF356006D9A7E /* AudioVariation.swift in Sources */,
				8F23E7362A1DF2E5006D9A7E /* ContentView.swift in Sources */,
				8F23E7342A1DF2E5006D9A7E /* AVAudioEngineExampleApp.swift in Sources */,
				8F23E76C2A1DF3DB006D9A7E /* UserDefaultsManager.swift in Sources */,
				8F23E75E2A1DF313006D9A7E /* AudioEngineManager.swift in Sources */,
				8F23E76E2A1DF402006D9A7E /* UserFileManager.swift in Sources */,
				8F23E7742A1DF59F006D9A7E /* SoundCategory.swift in Sources */,
			);
			runOnlyForDeploymentPostprocessing = 0;
		};
		8F23E73C2A1DF2E8006D9A7E /* Sources */ = {
			isa = PBXSourcesBuildPhase;
			buildActionMask = 2147483647;
			files = (
				8F23E7452A1DF2E8006D9A7E /* AVAudioEngineExampleTests.swift in Sources */,
			);
			runOnlyForDeploymentPostprocessing = 0;
		};
		8F23E7462A1DF2E8006D9A7E /* Sources */ = {
			isa = PBXSourcesBuildPhase;
			buildActionMask = 2147483647;
			files = (
				8F23E74F2A1DF2E8006D9A7E /* AVAudioEngineExampleUITests.swift in Sources */,
				8F23E7512A1DF2E8006D9A7E /* AVAudioEngineExampleUITestsLaunchTests.swift in Sources */,
			);
			runOnlyForDeploymentPostprocessing = 0;
		};
/* End PBXSourcesBuildPhase section */

/* Begin PBXTargetDependency section */
		8F23E7422A1DF2E8006D9A7E /* PBXTargetDependency */ = {
			isa = PBXTargetDependency;
			target = 8F23E72F2A1DF2E5006D9A7E /* AVAudioEngineExample */;
			targetProxy = 8F23E7412A1DF2E8006D9A7E /* PBXContainerItemProxy */;
		};
		8F23E74C2A1DF2E8006D9A7E /* PBXTargetDependency */ = {
			isa = PBXTargetDependency;
			target = 8F23E72F2A1DF2E5006D9A7E /* AVAudioEngineExample */;
			targetProxy = 8F23E74B2A1DF2E8006D9A7E /* PBXContainerItemProxy */;
		};
/* End PBXTargetDependency section */

/* Begin XCBuildConfiguration section */
		8F23E7522A1DF2E8006D9A7E /* Debug */ = {
			isa = XCBuildConfiguration;
			buildSettings = {
				ALWAYS_SEARCH_USER_PATHS = NO;
				CLANG_ANALYZER_NONNULL = YES;
				CLANG_ANALYZER_NUMBER_OBJECT_CONVERSION = YES_AGGRESSIVE;
				CLANG_CXX_LANGUAGE_STANDARD = "gnu++20";
				CLANG_ENABLE_MODULES = YES;
				CLANG_ENABLE_OBJC_ARC = YES;
				CLANG_ENABLE_OBJC_WEAK = YES;
				CLANG_WARN_BLOCK_CAPTURE_AUTORELEASING = YES;
				CLANG_WARN_BOOL_CONVERSION = YES;
				CLANG_WARN_COMMA = YES;
				CLANG_WARN_CONSTANT_CONVERSION = YES;
				CLANG_WARN_DEPRECATED_OBJC_IMPLEMENTATIONS = YES;
				CLANG_WARN_DIRECT_OBJC_ISA_USAGE = YES_ERROR;
				CLANG_WARN_DOCUMENTATION_COMMENTS = YES;
				CLANG_WARN_EMPTY_BODY = YES;
				CLANG_WARN_ENUM_CONVERSION = YES;
				CLANG_WARN_INFINITE_RECURSION = YES;
				CLANG_WARN_INT_CONVERSION = YES;
				CLANG_WARN_NON_LITERAL_NULL_CONVERSION = YES;
				CLANG_WARN_OBJC_IMPLICIT_RETAIN_SELF = YES;
				CLANG_WARN_OBJC_LITERAL_CONVERSION = YES;
				CLANG_WARN_OBJC_ROOT_CLASS = YES_ERROR;
				CLANG_WARN_QUOTED_INCLUDE_IN_FRAMEWORK_HEADER = YES;
				CLANG_WARN_RANGE_LOOP_ANALYSIS = YES;
				CLANG_WARN_STRICT_PROTOTYPES = YES;
				CLANG_WARN_SUSPICIOUS_MOVE = YES;
				CLANG_WARN_UNGUARDED_AVAILABILITY = YES_AGGRESSIVE;
				CLANG_WARN_UNREACHABLE_CODE = YES;
				CLANG_WARN__DUPLICATE_METHOD_MATCH = YES;
				COPY_PHASE_STRIP = NO;
				DEBUG_INFORMATION_FORMAT = dwarf;
				ENABLE_STRICT_OBJC_MSGSEND = YES;
				ENABLE_TESTABILITY = YES;
				GCC_C_LANGUAGE_STANDARD = gnu11;
				GCC_DYNAMIC_NO_PIC = NO;
				GCC_NO_COMMON_BLOCKS = YES;
				GCC_OPTIMIZATION_LEVEL = 0;
				GCC_PREPROCESSOR_DEFINITIONS = (
					"DEBUG=1",
					"$(inherited)",
				);
				GCC_WARN_64_TO_32_BIT_CONVERSION = YES;
				GCC_WARN_ABOUT_RETURN_TYPE = YES_ERROR;
				GCC_WARN_UNDECLARED_SELECTOR = YES;
				GCC_WARN_UNINITIALIZED_AUTOS = YES_AGGRESSIVE;
				GCC_WARN_UNUSED_FUNCTION = YES;
				GCC_WARN_UNUSED_VARIABLE = YES;
				IPHONEOS_DEPLOYMENT_TARGET = 16.4;
				MTL_ENABLE_DEBUG_INFO = INCLUDE_SOURCE;
				MTL_FAST_MATH = YES;
				ONLY_ACTIVE_ARCH = YES;
				SDKROOT = iphoneos;
				SWIFT_ACTIVE_COMPILATION_CONDITIONS = DEBUG;
				SWIFT_OPTIMIZATION_LEVEL = "-Onone";
			};
			name = Debug;
		};
		8F23E7532A1DF2E8006D9A7E /* Release */ = {
			isa = XCBuildConfiguration;
			buildSettings = {
				ALWAYS_SEARCH_USER_PATHS = NO;
				CLANG_ANALYZER_NONNULL = YES;
				CLANG_ANALYZER_NUMBER_OBJECT_CONVERSION = YES_AGGRESSIVE;
				CLANG_CXX_LANGUAGE_STANDARD = "gnu++20";
				CLANG_ENABLE_MODULES = YES;
				CLANG_ENABLE_OBJC_ARC = YES;
				CLANG_ENABLE_OBJC_WEAK = YES;
				CLANG_WARN_BLOCK_CAPTURE_AUTORELEASING = YES;
				CLANG_WARN_BOOL_CONVERSION = YES;
				CLANG_WARN_COMMA = YES;
				CLANG_WARN_CONSTANT_CONVERSION = YES;
				CLANG_WARN_DEPRECATED_OBJC_IMPLEMENTATIONS = YES;
				CLANG_WARN_DIRECT_OBJC_ISA_USAGE = YES_ERROR;
				CLANG_WARN_DOCUMENTATION_COMMENTS = YES;
				CLANG_WARN_EMPTY_BODY = YES;
				CLANG_WARN_ENUM_CONVERSION = YES;
				CLANG_WARN_INFINITE_RECURSION = YES;
				CLANG_WARN_INT_CONVERSION = YES;
				CLANG_WARN_NON_LITERAL_NULL_CONVERSION = YES;
				CLANG_WARN_OBJC_IMPLICIT_RETAIN_SELF = YES;
				CLANG_WARN_OBJC_LITERAL_CONVERSION = YES;
				CLANG_WARN_OBJC_ROOT_CLASS = YES_ERROR;
				CLANG_WARN_QUOTED_INCLUDE_IN_FRAMEWORK_HEADER = YES;
				CLANG_WARN_RANGE_LOOP_ANALYSIS = YES;
				CLANG_WARN_STRICT_PROTOTYPES = YES;
				CLANG_WARN_SUSPICIOUS_MOVE = YES;
				CLANG_WARN_UNGUARDED_AVAILABILITY = YES_AGGRESSIVE;
				CLANG_WARN_UNREACHABLE_CODE = YES;
				CLANG_WARN__DUPLICATE_METHOD_MATCH = YES;
				COPY_PHASE_STRIP = NO;
				DEBUG_INFORMATION_FORMAT = "dwarf-with-dsym";
				ENABLE_NS_ASSERTIONS = NO;
				ENABLE_STRICT_OBJC_MSGSEND = YES;
				GCC_C_LANGUAGE_STANDARD = gnu11;
				GCC_NO_COMMON_BLOCKS = YES;
				GCC_WARN_64_TO_32_BIT_CONVERSION = YES;
				GCC_WARN_ABOUT_RETURN_TYPE = YES_ERROR;
				GCC_WARN_UNDECLARED_SELECTOR = YES;
				GCC_WARN_UNINITIALIZED_AUTOS = YES_AGGRESSIVE;
				GCC_WARN_UNUSED_FUNCTION = YES;
				GCC_WARN_UNUSED_VARIABLE = YES;
				IPHONEOS_DEPLOYMENT_TARGET = 16.4;
				MTL_ENABLE_DEBUG_INFO = NO;
				MTL_FAST_MATH = YES;
				SDKROOT = iphoneos;
				SWIFT_COMPILATION_MODE = wholemodule;
				SWIFT_OPTIMIZATION_LEVEL = "-O";
				VALIDATE_PRODUCT = YES;
			};
			name = Release;
		};
		8F23E7552A1DF2E8006D9A7E /* Debug */ = {
			isa = XCBuildConfiguration;
			buildSettings = {
				ASSETCATALOG_COMPILER_APPICON_NAME = AppIcon;
				ASSETCATALOG_COMPILER_GLOBAL_ACCENT_COLOR_NAME = AccentColor;
				CODE_SIGN_STYLE = Automatic;
				CURRENT_PROJECT_VERSION = 1;
				DEVELOPMENT_ASSET_PATHS = "\"AVAudioEngineExample/Preview Content\"";
				DEVELOPMENT_TEAM = 62SDS28JUT;
				ENABLE_PREVIEWS = YES;
				GENERATE_INFOPLIST_FILE = YES;
				INFOPLIST_KEY_UIApplicationSceneManifest_Generation = YES;
				INFOPLIST_KEY_UIApplicationSupportsIndirectInputEvents = YES;
				INFOPLIST_KEY_UILaunchScreen_Generation = YES;
				INFOPLIST_KEY_UISupportedInterfaceOrientations_iPad = "UIInterfaceOrientationPortrait UIInterfaceOrientationPortraitUpsideDown UIInterfaceOrientationLandscapeLeft UIInterfaceOrientationLandscapeRight";
				INFOPLIST_KEY_UISupportedInterfaceOrientations_iPhone = "UIInterfaceOrientationPortrait UIInterfaceOrientationLandscapeLeft UIInterfaceOrientationLandscapeRight";
				LD_RUNPATH_SEARCH_PATHS = (
					"$(inherited)",
					"@executable_path/Frameworks",
				);
				MARKETING_VERSION = 1.0;
				PRODUCT_BUNDLE_IDENTIFIER = com.doyeonjeong.AVAudioEngineExample;
				PRODUCT_NAME = "$(TARGET_NAME)";
				SWIFT_EMIT_LOC_STRINGS = YES;
				SWIFT_VERSION = 5.0;
				TARGETED_DEVICE_FAMILY = "1,2";
			};
			name = Debug;
		};
		8F23E7562A1DF2E8006D9A7E /* Release */ = {
			isa = XCBuildConfiguration;
			buildSettings = {
				ASSETCATALOG_COMPILER_APPICON_NAME = AppIcon;
				ASSETCATALOG_COMPILER_GLOBAL_ACCENT_COLOR_NAME = AccentColor;
				CODE_SIGN_STYLE = Automatic;
				CURRENT_PROJECT_VERSION = 1;
				DEVELOPMENT_ASSET_PATHS = "\"AVAudioEngineExample/Preview Content\"";
				DEVELOPMENT_TEAM = 62SDS28JUT;
				ENABLE_PREVIEWS = YES;
				GENERATE_INFOPLIST_FILE = YES;
				INFOPLIST_KEY_UIApplicationSceneManifest_Generation = YES;
				INFOPLIST_KEY_UIApplicationSupportsIndirectInputEvents = YES;
				INFOPLIST_KEY_UILaunchScreen_Generation = YES;
				INFOPLIST_KEY_UISupportedInterfaceOrientations_iPad = "UIInterfaceOrientationPortrait UIInterfaceOrientationPortraitUpsideDown UIInterfaceOrientationLandscapeLeft UIInterfaceOrientationLandscapeRight";
				INFOPLIST_KEY_UISupportedInterfaceOrientations_iPhone = "UIInterfaceOrientationPortrait UIInterfaceOrientationLandscapeLeft UIInterfaceOrientationLandscapeRight";
				LD_RUNPATH_SEARCH_PATHS = (
					"$(inherited)",
					"@executable_path/Frameworks",
				);
				MARKETING_VERSION = 1.0;
				PRODUCT_BUNDLE_IDENTIFIER = com.doyeonjeong.AVAudioEngineExample;
				PRODUCT_NAME = "$(TARGET_NAME)";
				SWIFT_EMIT_LOC_STRINGS = YES;
				SWIFT_VERSION = 5.0;
				TARGETED_DEVICE_FAMILY = "1,2";
			};
			name = Release;
		};
		8F23E7582A1DF2E8006D9A7E /* Debug */ = {
			isa = XCBuildConfiguration;
			buildSettings = {
				ALWAYS_EMBED_SWIFT_STANDARD_LIBRARIES = YES;
				BUNDLE_LOADER = "$(TEST_HOST)";
				CODE_SIGN_STYLE = Automatic;
				CURRENT_PROJECT_VERSION = 1;
				DEVELOPMENT_TEAM = 62SDS28JUT;
				GENERATE_INFOPLIST_FILE = YES;
				IPHONEOS_DEPLOYMENT_TARGET = 16.4;
				MARKETING_VERSION = 1.0;
				PRODUCT_BUNDLE_IDENTIFIER = com.doyeonjeong.AVAudioEngineExampleTests;
				PRODUCT_NAME = "$(TARGET_NAME)";
				SWIFT_EMIT_LOC_STRINGS = NO;
				SWIFT_VERSION = 5.0;
				TARGETED_DEVICE_FAMILY = "1,2";
				TEST_HOST = "$(BUILT_PRODUCTS_DIR)/AVAudioEngineExample.app/$(BUNDLE_EXECUTABLE_FOLDER_PATH)/AVAudioEngineExample";
			};
			name = Debug;
		};
		8F23E7592A1DF2E8006D9A7E /* Release */ = {
			isa = XCBuildConfiguration;
			buildSettings = {
				ALWAYS_EMBED_SWIFT_STANDARD_LIBRARIES = YES;
				BUNDLE_LOADER = "$(TEST_HOST)";
				CODE_SIGN_STYLE = Automatic;
				CURRENT_PROJECT_VERSION = 1;
				DEVELOPMENT_TEAM = 62SDS28JUT;
				GENERATE_INFOPLIST_FILE = YES;
				IPHONEOS_DEPLOYMENT_TARGET = 16.4;
				MARKETING_VERSION = 1.0;
				PRODUCT_BUNDLE_IDENTIFIER = com.doyeonjeong.AVAudioEngineExampleTests;
				PRODUCT_NAME = "$(TARGET_NAME)";
				SWIFT_EMIT_LOC_STRINGS = NO;
				SWIFT_VERSION = 5.0;
				TARGETED_DEVICE_FAMILY = "1,2";
				TEST_HOST = "$(BUILT_PRODUCTS_DIR)/AVAudioEngineExample.app/$(BUNDLE_EXECUTABLE_FOLDER_PATH)/AVAudioEngineExample";
			};
			name = Release;
		};
		8F23E75B2A1DF2E8006D9A7E /* Debug */ = {
			isa = XCBuildConfiguration;
			buildSettings = {
				ALWAYS_EMBED_SWIFT_STANDARD_LIBRARIES = YES;
				CODE_SIGN_STYLE = Automatic;
				CURRENT_PROJECT_VERSION = 1;
				DEVELOPMENT_TEAM = 62SDS28JUT;
				GENERATE_INFOPLIST_FILE = YES;
				MARKETING_VERSION = 1.0;
				PRODUCT_BUNDLE_IDENTIFIER = com.doyeonjeong.AVAudioEngineExampleUITests;
				PRODUCT_NAME = "$(TARGET_NAME)";
				SWIFT_EMIT_LOC_STRINGS = NO;
				SWIFT_VERSION = 5.0;
				TARGETED_DEVICE_FAMILY = "1,2";
				TEST_TARGET_NAME = AVAudioEngineExample;
			};
			name = Debug;
		};
		8F23E75C2A1DF2E8006D9A7E /* Release */ = {
			isa = XCBuildConfiguration;
			buildSettings = {
				ALWAYS_EMBED_SWIFT_STANDARD_LIBRARIES = YES;
				CODE_SIGN_STYLE = Automatic;
				CURRENT_PROJECT_VERSION = 1;
				DEVELOPMENT_TEAM = 62SDS28JUT;
				GENERATE_INFOPLIST_FILE = YES;
				MARKETING_VERSION = 1.0;
				PRODUCT_BUNDLE_IDENTIFIER = com.doyeonjeong.AVAudioEngineExampleUITests;
				PRODUCT_NAME = "$(TARGET_NAME)";
				SWIFT_EMIT_LOC_STRINGS = NO;
				SWIFT_VERSION = 5.0;
				TARGETED_DEVICE_FAMILY = "1,2";
				TEST_TARGET_NAME = AVAudioEngineExample;
			};
			name = Release;
		};
/* End XCBuildConfiguration section */

/* Begin XCConfigurationList section */
		8F23E72B2A1DF2E5006D9A7E /* Build configuration list for PBXProject "AVAudioEngineExample" */ = {
			isa = XCConfigurationList;
			buildConfigurations = (
				8F23E7522A1DF2E8006D9A7E /* Debug */,
				8F23E7532A1DF2E8006D9A7E /* Release */,
			);
			defaultConfigurationIsVisible = 0;
			defaultConfigurationName = Release;
		};
		8F23E7542A1DF2E8006D9A7E /* Build configuration list for PBXNativeTarget "AVAudioEngineExample" */ = {
			isa = XCConfigurationList;
			buildConfigurations = (
				8F23E7552A1DF2E8006D9A7E /* Debug */,
				8F23E7562A1DF2E8006D9A7E /* Release */,
			);
			defaultConfigurationIsVisible = 0;
			defaultConfigurationName = Release;
		};
		8F23E7572A1DF2E8006D9A7E /* Build configuration list for PBXNativeTarget "AVAudioEngineExampleTests" */ = {
			isa = XCConfigurationList;
			buildConfigurations = (
				8F23E7582A1DF2E8006D9A7E /* Debug */,
				8F23E7592A1DF2E8006D9A7E /* Release */,
			);
			defaultConfigurationIsVisible = 0;
			defaultConfigurationName = Release;
		};
		8F23E75A2A1DF2E8006D9A7E /* Build configuration list for PBXNativeTarget "AVAudioEngineExampleUITests" */ = {
			isa = XCConfigurationList;
			buildConfigurations = (
				8F23E75B2A1DF2E8006D9A7E /* Debug */,
				8F23E75C2A1DF2E8006D9A7E /* Release */,
			);
			defaultConfigurationIsVisible = 0;
			defaultConfigurationName = Release;
		};
/* End XCConfigurationList section */
	};
	rootObject = 8F23E7282A1DF2E5006D9A7E /* Project object */;
}
