// !$*UTF8*$!
{
	archiveVersion = 1;
	classes = {
	};
	objectVersion = 56;
	objects = {

/* Begin PBXBuildFile section */
		8F7C29942A2A022900B08D94 /* PitchDemoApp.swift in Sources */ = {isa = PBXBuildFile; fileRef = 8F7C29932A2A022900B08D94 /* PitchDemoApp.swift */; };
		8F7C29962A2A022900B08D94 /* ContentView.swift in Sources */ = {isa = PBXBuildFile; fileRef = 8F7C29952A2A022900B08D94 /* ContentView.swift */; };
		8F7C29982A2A022A00B08D94 /* Assets.xcassets in Resources */ = {isa = PBXBuildFile; fileRef = 8F7C29972A2A022A00B08D94 /* Assets.xcassets */; };
		8F7C299B2A2A022A00B08D94 /* Preview Assets.xcassets in Resources */ = {isa = PBXBuildFile; fileRef = 8F7C299A2A2A022A00B08D94 /* Preview Assets.xcassets */; };
		8F7C29A22A2A024A00B08D94 /* AudioPlayerViewModel.swift in Sources */ = {isa = PBXBuildFile; fileRef = 8F7C29A12A2A024A00B08D94 /* AudioPlayerViewModel.swift */; };
		8F7C29A52A2A02EC00B08D94 /* WaterDrop.mp3 in Resources */ = {isa = PBXBuildFile; fileRef = 8F7C29A42A2A02EC00B08D94 /* WaterDrop.mp3 */; };
		8F7C29AA2A2A039B00B08D94 /* Pipe.mp3 in Resources */ = {isa = PBXBuildFile; fileRef = 8F7C29A62A2A039B00B08D94 /* Pipe.mp3 */; };
		8F7C29AB2A2A039B00B08D94 /* Sink.mp3 in Resources */ = {isa = PBXBuildFile; fileRef = 8F7C29A72A2A039B00B08D94 /* Sink.mp3 */; };
		8F7C29AC2A2A039B00B08D94 /* Basement.mp3 in Resources */ = {isa = PBXBuildFile; fileRef = 8F7C29A82A2A039B00B08D94 /* Basement.mp3 */; };
		8F7C29AD2A2A039B00B08D94 /* Cave.mp3 in Resources */ = {isa = PBXBuildFile; fileRef = 8F7C29A92A2A039B00B08D94 /* Cave.mp3 */; };
		8F7C29B32A2A03A100B08D94 /* SingingBowl.mp3 in Resources */ = {isa = PBXBuildFile; fileRef = 8F7C29AE2A2A03A100B08D94 /* SingingBowl.mp3 */; };
		8F7C29B42A2A03A100B08D94 /* Focus.mp3 in Resources */ = {isa = PBXBuildFile; fileRef = 8F7C29AF2A2A03A100B08D94 /* Focus.mp3 */; };
		8F7C29B52A2A03A100B08D94 /* Training.mp3 in Resources */ = {isa = PBXBuildFile; fileRef = 8F7C29B02A2A03A100B08D94 /* Training.mp3 */; };
		8F7C29B62A2A03A100B08D94 /* Vibration.mp3 in Resources */ = {isa = PBXBuildFile; fileRef = 8F7C29B12A2A03A100B08D94 /* Vibration.mp3 */; };
		8F7C29B72A2A03A100B08D94 /* Empty.mp3 in Resources */ = {isa = PBXBuildFile; fileRef = 8F7C29B22A2A03A100B08D94 /* Empty.mp3 */; };
		8F7C29BD2A2A03A700B08D94 /* Cuckoo.mp3 in Resources */ = {isa = PBXBuildFile; fileRef = 8F7C29B82A2A03A700B08D94 /* Cuckoo.mp3 */; };
		8F7C29BE2A2A03A700B08D94 /* Forest.mp3 in Resources */ = {isa = PBXBuildFile; fileRef = 8F7C29B92A2A03A700B08D94 /* Forest.mp3 */; };
		8F7C29BF2A2A03A700B08D94 /* Bird.mp3 in Resources */ = {isa = PBXBuildFile; fileRef = 8F7C29BA2A2A03A700B08D94 /* Bird.mp3 */; };
		8F7C29C02A2A03A700B08D94 /* Owl.mp3 in Resources */ = {isa = PBXBuildFile; fileRef = 8F7C29BB2A2A03A700B08D94 /* Owl.mp3 */; };
		8F7C29C12A2A03A700B08D94 /* Woodpecker.mp3 in Resources */ = {isa = PBXBuildFile; fileRef = 8F7C29BC2A2A03A700B08D94 /* Woodpecker.mp3 */; };
/* End PBXBuildFile section */

/* Begin PBXFileReference section */
		8F7C29902A2A022900B08D94 /* PitchDemo.app */ = {isa = PBXFileReference; explicitFileType = wrapper.application; includeInIndex = 0; path = PitchDemo.app; sourceTree = BUILT_PRODUCTS_DIR; };
		8F7C29932A2A022900B08D94 /* PitchDemoApp.swift */ = {isa = PBXFileReference; lastKnownFileType = sourcecode.swift; path = PitchDemoApp.swift; sourceTree = "<group>"; };
		8F7C29952A2A022900B08D94 /* ContentView.swift */ = {isa = PBXFileReference; lastKnownFileType = sourcecode.swift; path = ContentView.swift; sourceTree = "<group>"; };
		8F7C29972A2A022A00B08D94 /* Assets.xcassets */ = {isa = PBXFileReference; lastKnownFileType = folder.assetcatalog; path = Assets.xcassets; sourceTree = "<group>"; };
		8F7C299A2A2A022A00B08D94 /* Preview Assets.xcassets */ = {isa = PBXFileReference; lastKnownFileType = folder.assetcatalog; path = "Preview Assets.xcassets"; sourceTree = "<group>"; };
		8F7C29A12A2A024A00B08D94 /* AudioPlayerViewModel.swift */ = {isa = PBXFileReference; lastKnownFileType = sourcecode.swift; path = AudioPlayerViewModel.swift; sourceTree = "<group>"; };
		8F7C29A42A2A02EC00B08D94 /* WaterDrop.mp3 */ = {isa = PBXFileReference; lastKnownFileType = audio.mp3; path = WaterDrop.mp3; sourceTree = "<group>"; };
		8F7C29A62A2A039B00B08D94 /* Pipe.mp3 */ = {isa = PBXFileReference; lastKnownFileType = audio.mp3; path = Pipe.mp3; sourceTree = "<group>"; };
		8F7C29A72A2A039B00B08D94 /* Sink.mp3 */ = {isa = PBXFileReference; lastKnownFileType = audio.mp3; path = Sink.mp3; sourceTree = "<group>"; };
		8F7C29A82A2A039B00B08D94 /* Basement.mp3 */ = {isa = PBXFileReference; lastKnownFileType = audio.mp3; path = Basement.mp3; sourceTree = "<group>"; };
		8F7C29A92A2A039B00B08D94 /* Cave.mp3 */ = {isa = PBXFileReference; lastKnownFileType = audio.mp3; path = Cave.mp3; sourceTree = "<group>"; };
		8F7C29AE2A2A03A100B08D94 /* SingingBowl.mp3 */ = {isa = PBXFileReference; lastKnownFileType = audio.mp3; path = SingingBowl.mp3; sourceTree = "<group>"; };
		8F7C29AF2A2A03A100B08D94 /* Focus.mp3 */ = {isa = PBXFileReference; lastKnownFileType = audio.mp3; path = Focus.mp3; sourceTree = "<group>"; };
		8F7C29B02A2A03A100B08D94 /* Training.mp3 */ = {isa = PBXFileReference; lastKnownFileType = audio.mp3; path = Training.mp3; sourceTree = "<group>"; };
		8F7C29B12A2A03A100B08D94 /* Vibration.mp3 */ = {isa = PBXFileReference; lastKnownFileType = audio.mp3; path = Vibration.mp3; sourceTree = "<group>"; };
		8F7C29B22A2A03A100B08D94 /* Empty.mp3 */ = {isa = PBXFileReference; lastKnownFileType = audio.mp3; path = Empty.mp3; sourceTree = "<group>"; };
		8F7C29B82A2A03A700B08D94 /* Cuckoo.mp3 */ = {isa = PBXFileReference; lastKnownFileType = audio.mp3; path = Cuckoo.mp3; sourceTree = "<group>"; };
		8F7C29B92A2A03A700B08D94 /* Forest.mp3 */ = {isa = PBXFileReference; lastKnownFileType = audio.mp3; path = Forest.mp3; sourceTree = "<group>"; };
		8F7C29BA2A2A03A700B08D94 /* Bird.mp3 */ = {isa = PBXFileReference; lastKnownFileType = audio.mp3; path = Bird.mp3; sourceTree = "<group>"; };
		8F7C29BB2A2A03A700B08D94 /* Owl.mp3 */ = {isa = PBXFileReference; lastKnownFileType = audio.mp3; path = Owl.mp3; sourceTree = "<group>"; };
		8F7C29BC2A2A03A700B08D94 /* Woodpecker.mp3 */ = {isa = PBXFileReference; lastKnownFileType = audio.mp3; path = Woodpecker.mp3; sourceTree = "<group>"; };
/* End PBXFileReference section */

/* Begin PBXFrameworksBuildPhase section */
		8F7C298D2A2A022800B08D94 /* Frameworks */ = {
			isa = PBXFrameworksBuildPhase;
			buildActionMask = 2147483647;
			files = (
			);
			runOnlyForDeploymentPostprocessing = 0;
		};
/* End PBXFrameworksBuildPhase section */

/* Begin PBXGroup section */
		8F7C29872A2A022800B08D94 = {
			isa = PBXGroup;
			children = (
				8F7C29922A2A022900B08D94 /* PitchDemo */,
				8F7C29912A2A022900B08D94 /* Products */,
			);
			sourceTree = "<group>";
		};
		8F7C29912A2A022900B08D94 /* Products */ = {
			isa = PBXGroup;
			children = (
				8F7C29902A2A022900B08D94 /* PitchDemo.app */,
			);
			name = Products;
			sourceTree = "<group>";
		};
		8F7C29922A2A022900B08D94 /* PitchDemo */ = {
			isa = PBXGroup;
			children = (
				8F7C29A32A2A02CF00B08D94 /* Sounds */,
				8F7C29932A2A022900B08D94 /* PitchDemoApp.swift */,
				8F7C29952A2A022900B08D94 /* ContentView.swift */,
				8F7C29972A2A022A00B08D94 /* Assets.xcassets */,
				8F7C29992A2A022A00B08D94 /* Preview Content */,
				8F7C29A12A2A024A00B08D94 /* AudioPlayerViewModel.swift */,
			);
			path = PitchDemo;
			sourceTree = "<group>";
		};
		8F7C29992A2A022A00B08D94 /* Preview Content */ = {
			isa = PBXGroup;
			children = (
				8F7C299A2A2A022A00B08D94 /* Preview Assets.xcassets */,
			);
			path = "Preview Content";
			sourceTree = "<group>";
		};
		8F7C29A32A2A02CF00B08D94 /* Sounds */ = {
			isa = PBXGroup;
			children = (
				8F7C29BA2A2A03A700B08D94 /* Bird.mp3 */,
				8F7C29B82A2A03A700B08D94 /* Cuckoo.mp3 */,
				8F7C29B92A2A03A700B08D94 /* Forest.mp3 */,
				8F7C29BB2A2A03A700B08D94 /* Owl.mp3 */,
				8F7C29BC2A2A03A700B08D94 /* Woodpecker.mp3 */,
				8F7C29B22A2A03A100B08D94 /* Empty.mp3 */,
				8F7C29AF2A2A03A100B08D94 /* Focus.mp3 */,
				8F7C29AE2A2A03A100B08D94 /* SingingBowl.mp3 */,
				8F7C29B02A2A03A100B08D94 /* Training.mp3 */,
				8F7C29B12A2A03A100B08D94 /* Vibration.mp3 */,
				8F7C29A82A2A039B00B08D94 /* Basement.mp3 */,
				8F7C29A92A2A039B00B08D94 /* Cave.mp3 */,
				8F7C29A62A2A039B00B08D94 /* Pipe.mp3 */,
				8F7C29A72A2A039B00B08D94 /* Sink.mp3 */,
				8F7C29A42A2A02EC00B08D94 /* WaterDrop.mp3 */,
			);
			path = Sounds;
			sourceTree = "<group>";
		};
/* End PBXGroup section */

/* Begin PBXNativeTarget section */
		8F7C298F2A2A022800B08D94 /* PitchDemo */ = {
			isa = PBXNativeTarget;
			buildConfigurationList = 8F7C299E2A2A022A00B08D94 /* Build configuration list for PBXNativeTarget "PitchDemo" */;
			buildPhases = (
				8F7C298C2A2A022800B08D94 /* Sources */,
				8F7C298D2A2A022800B08D94 /* Frameworks */,
				8F7C298E2A2A022800B08D94 /* Resources */,
			);
			buildRules = (
			);
			dependencies = (
			);
			name = PitchDemo;
			productName = PitchDemo;
			productReference = 8F7C29902A2A022900B08D94 /* PitchDemo.app */;
			productType = "com.apple.product-type.application";
		};
/* End PBXNativeTarget section */

/* Begin PBXProject section */
		8F7C29882A2A022800B08D94 /* Project object */ = {
			isa = PBXProject;
			attributes = {
				BuildIndependentTargetsInParallel = 1;
				LastSwiftUpdateCheck = 1430;
				LastUpgradeCheck = 1430;
				TargetAttributes = {
					8F7C298F2A2A022800B08D94 = {
						CreatedOnToolsVersion = 14.3;
					};
				};
			};
			buildConfigurationList = 8F7C298B2A2A022800B08D94 /* Build configuration list for PBXProject "PitchDemo" */;
			compatibilityVersion = "Xcode 14.0";
			developmentRegion = en;
			hasScannedForEncodings = 0;
			knownRegions = (
				en,
				Base,
			);
			mainGroup = 8F7C29872A2A022800B08D94;
			productRefGroup = 8F7C29912A2A022900B08D94 /* Products */;
			projectDirPath = "";
			projectRoot = "";
			targets = (
				8F7C298F2A2A022800B08D94 /* PitchDemo */,
			);
		};
/* End PBXProject section */

/* Begin PBXResourcesBuildPhase section */
		8F7C298E2A2A022800B08D94 /* Resources */ = {
			isa = PBXResourcesBuildPhase;
			buildActionMask = 2147483647;
			files = (
				8F7C29B32A2A03A100B08D94 /* SingingBowl.mp3 in Resources */,
				8F7C29B62A2A03A100B08D94 /* Vibration.mp3 in Resources */,
				8F7C29B42A2A03A100B08D94 /* Focus.mp3 in Resources */,
				8F7C29BE2A2A03A700B08D94 /* Forest.mp3 in Resources */,
				8F7C29AA2A2A039B00B08D94 /* Pipe.mp3 in Resources */,
				8F7C29A52A2A02EC00B08D94 /* WaterDrop.mp3 in Resources */,
				8F7C29AB2A2A039B00B08D94 /* Sink.mp3 in Resources */,
				8F7C29C02A2A03A700B08D94 /* Owl.mp3 in Resources */,
				8F7C29C12A2A03A700B08D94 /* Woodpecker.mp3 in Resources */,
				8F7C29B72A2A03A100B08D94 /* Empty.mp3 in Resources */,
				8F7C299B2A2A022A00B08D94 /* Preview Assets.xcassets in Resources */,
				8F7C29982A2A022A00B08D94 /* Assets.xcassets in Resources */,
				8F7C29AC2A2A039B00B08D94 /* Basement.mp3 in Resources */,
				8F7C29B52A2A03A100B08D94 /* Training.mp3 in Resources */,
				8F7C29BF2A2A03A700B08D94 /* Bird.mp3 in Resources */,
				8F7C29AD2A2A039B00B08D94 /* Cave.mp3 in Resources */,
				8F7C29BD2A2A03A700B08D94 /* Cuckoo.mp3 in Resources */,
			);
			runOnlyForDeploymentPostprocessing = 0;
		};
/* End PBXResourcesBuildPhase section */

/* Begin PBXSourcesBuildPhase section */
		8F7C298C2A2A022800B08D94 /* Sources */ = {
			isa = PBXSourcesBuildPhase;
			buildActionMask = 2147483647;
			files = (
				8F7C29962A2A022900B08D94 /* ContentView.swift in Sources */,
				8F7C29A22A2A024A00B08D94 /* AudioPlayerViewModel.swift in Sources */,
				8F7C29942A2A022900B08D94 /* PitchDemoApp.swift in Sources */,
			);
			runOnlyForDeploymentPostprocessing = 0;
		};
/* End PBXSourcesBuildPhase section */

/* Begin XCBuildConfiguration section */
		8F7C299C2A2A022A00B08D94 /* Debug */ = {
			isa = XCBuildConfiguration;
			buildSettings = {
				ALWAYS_SEARCH_USER_PATHS = NO;
				CLANG_ANALYZER_NONNULL = YES;
				CLANG_ANALYZER_NUMBER_OBJECT_CONVERSION = YES_AGGRESSIVE;
				CLANG_CXX_LANGUAGE_STANDARD = "gnu++20";
				CLANG_ENABLE_MODULES = YES;
				CLANG_ENABLE_OBJC_ARC = YES;
				CLANG_ENABLE_OBJC_WEAK = YES;
				CLANG_WARN_BLOCK_CAPTURE_AUTORELEASING = YES;
				CLANG_WARN_BOOL_CONVERSION = YES;
				CLANG_WARN_COMMA = YES;
				CLANG_WARN_CONSTANT_CONVERSION = YES;
				CLANG_WARN_DEPRECATED_OBJC_IMPLEMENTATIONS = YES;
				CLANG_WARN_DIRECT_OBJC_ISA_USAGE = YES_ERROR;
				CLANG_WARN_DOCUMENTATION_COMMENTS = YES;
				CLANG_WARN_EMPTY_BODY = YES;
				CLANG_WARN_ENUM_CONVERSION = YES;
				CLANG_WARN_INFINITE_RECURSION = YES;
				CLANG_WARN_INT_CONVERSION = YES;
				CLANG_WARN_NON_LITERAL_NULL_CONVERSION = YES;
				CLANG_WARN_OBJC_IMPLICIT_RETAIN_SELF = YES;
				CLANG_WARN_OBJC_LITERAL_CONVERSION = YES;
				CLANG_WARN_OBJC_ROOT_CLASS = YES_ERROR;
				CLANG_WARN_QUOTED_INCLUDE_IN_FRAMEWORK_HEADER = YES;
				CLANG_WARN_RANGE_LOOP_ANALYSIS = YES;
				CLANG_WARN_STRICT_PROTOTYPES = YES;
				CLANG_WARN_SUSPICIOUS_MOVE = YES;
				CLANG_WARN_UNGUARDED_AVAILABILITY = YES_AGGRESSIVE;
				CLANG_WARN_UNREACHABLE_CODE = YES;
				CLANG_WARN__DUPLICATE_METHOD_MATCH = YES;
				COPY_PHASE_STRIP = NO;
				DEBUG_INFORMATION_FORMAT = dwarf;
				ENABLE_STRICT_OBJC_MSGSEND = YES;
				ENABLE_TESTABILITY = YES;
				GCC_C_LANGUAGE_STANDARD = gnu11;
				GCC_DYNAMIC_NO_PIC = NO;
				GCC_NO_COMMON_BLOCKS = YES;
				GCC_OPTIMIZATION_LEVEL = 0;
				GCC_PREPROCESSOR_DEFINITIONS = (
					"DEBUG=1",
					"$(inherited)",
				);
				GCC_WARN_64_TO_32_BIT_CONVERSION = YES;
				GCC_WARN_ABOUT_RETURN_TYPE = YES_ERROR;
				GCC_WARN_UNDECLARED_SELECTOR = YES;
				GCC_WARN_UNINITIALIZED_AUTOS = YES_AGGRESSIVE;
				GCC_WARN_UNUSED_FUNCTION = YES;
				GCC_WARN_UNUSED_VARIABLE = YES;
				IPHONEOS_DEPLOYMENT_TARGET = 16.4;
				MTL_ENABLE_DEBUG_INFO = INCLUDE_SOURCE;
				MTL_FAST_MATH = YES;
				ONLY_ACTIVE_ARCH = YES;
				SDKROOT = iphoneos;
				SWIFT_ACTIVE_COMPILATION_CONDITIONS = DEBUG;
				SWIFT_OPTIMIZATION_LEVEL = "-Onone";
			};
			name = Debug;
		};
		8F7C299D2A2A022A00B08D94 /* Release */ = {
			isa = XCBuildConfiguration;
			buildSettings = {
				ALWAYS_SEARCH_USER_PATHS = NO;
				CLANG_ANALYZER_NONNULL = YES;
				CLANG_ANALYZER_NUMBER_OBJECT_CONVERSION = YES_AGGRESSIVE;
				CLANG_CXX_LANGUAGE_STANDARD = "gnu++20";
				CLANG_ENABLE_MODULES = YES;
				CLANG_ENABLE_OBJC_ARC = YES;
				CLANG_ENABLE_OBJC_WEAK = YES;
				CLANG_WARN_BLOCK_CAPTURE_AUTORELEASING = YES;
				CLANG_WARN_BOOL_CONVERSION = YES;
				CLANG_WARN_COMMA = YES;
				CLANG_WARN_CONSTANT_CONVERSION = YES;
				CLANG_WARN_DEPRECATED_OBJC_IMPLEMENTATIONS = YES;
				CLANG_WARN_DIRECT_OBJC_ISA_USAGE = YES_ERROR;
				CLANG_WARN_DOCUMENTATION_COMMENTS = YES;
				CLANG_WARN_EMPTY_BODY = YES;
				CLANG_WARN_ENUM_CONVERSION = YES;
				CLANG_WARN_INFINITE_RECURSION = YES;
				CLANG_WARN_INT_CONVERSION = YES;
				CLANG_WARN_NON_LITERAL_NULL_CONVERSION = YES;
				CLANG_WARN_OBJC_IMPLICIT_RETAIN_SELF = YES;
				CLANG_WARN_OBJC_LITERAL_CONVERSION = YES;
				CLANG_WARN_OBJC_ROOT_CLASS = YES_ERROR;
				CLANG_WARN_QUOTED_INCLUDE_IN_FRAMEWORK_HEADER = YES;
				CLANG_WARN_RANGE_LOOP_ANALYSIS = YES;
				CLANG_WARN_STRICT_PROTOTYPES = YES;
				CLANG_WARN_SUSPICIOUS_MOVE = YES;
				CLANG_WARN_UNGUARDED_AVAILABILITY = YES_AGGRESSIVE;
				CLANG_WARN_UNREACHABLE_CODE = YES;
				CLANG_WARN__DUPLICATE_METHOD_MATCH = YES;
				COPY_PHASE_STRIP = NO;
				DEBUG_INFORMATION_FORMAT = "dwarf-with-dsym";
				ENABLE_NS_ASSERTIONS = NO;
				ENABLE_STRICT_OBJC_MSGSEND = YES;
				GCC_C_LANGUAGE_STANDARD = gnu11;
				GCC_NO_COMMON_BLOCKS = YES;
				GCC_WARN_64_TO_32_BIT_CONVERSION = YES;
				GCC_WARN_ABOUT_RETURN_TYPE = YES_ERROR;
				GCC_WARN_UNDECLARED_SELECTOR = YES;
				GCC_WARN_UNINITIALIZED_AUTOS = YES_AGGRESSIVE;
				GCC_WARN_UNUSED_FUNCTION = YES;
				GCC_WARN_UNUSED_VARIABLE = YES;
				IPHONEOS_DEPLOYMENT_TARGET = 16.4;
				MTL_ENABLE_DEBUG_INFO = NO;
				MTL_FAST_MATH = YES;
				SDKROOT = iphoneos;
				SWIFT_COMPILATION_MODE = wholemodule;
				SWIFT_OPTIMIZATION_LEVEL = "-O";
				VALIDATE_PRODUCT = YES;
			};
			name = Release;
		};
		8F7C299F2A2A022A00B08D94 /* Debug */ = {
			isa = XCBuildConfiguration;
			buildSettings = {
				ASSETCATALOG_COMPILER_APPICON_NAME = AppIcon;
				ASSETCATALOG_COMPILER_GLOBAL_ACCENT_COLOR_NAME = AccentColor;
				CODE_SIGN_STYLE = Automatic;
				CURRENT_PROJECT_VERSION = 1;
				DEVELOPMENT_ASSET_PATHS = "\"PitchDemo/Preview Content\"";
				DEVELOPMENT_TEAM = 62SDS28JUT;
				ENABLE_PREVIEWS = YES;
				GENERATE_INFOPLIST_FILE = YES;
				INFOPLIST_KEY_UIApplicationSceneManifest_Generation = YES;
				INFOPLIST_KEY_UIApplicationSupportsIndirectInputEvents = YES;
				INFOPLIST_KEY_UILaunchScreen_Generation = YES;
				INFOPLIST_KEY_UISupportedInterfaceOrientations_iPad = "UIInterfaceOrientationPortrait UIInterfaceOrientationPortraitUpsideDown UIInterfaceOrientationLandscapeLeft UIInterfaceOrientationLandscapeRight";
				INFOPLIST_KEY_UISupportedInterfaceOrientations_iPhone = "UIInterfaceOrientationPortrait UIInterfaceOrientationLandscapeLeft UIInterfaceOrientationLandscapeRight";
				LD_RUNPATH_SEARCH_PATHS = (
					"$(inherited)",
					"@executable_path/Frameworks",
				);
				MARKETING_VERSION = 1.0;
				PRODUCT_BUNDLE_IDENTIFIER = com.doyeonjeong.PitchDemo;
				PRODUCT_NAME = "$(TARGET_NAME)";
				SWIFT_EMIT_LOC_STRINGS = YES;
				SWIFT_VERSION = 5.0;
				TARGETED_DEVICE_FAMILY = "1,2";
			};
			name = Debug;
		};
		8F7C29A02A2A022A00B08D94 /* Release */ = {
			isa = XCBuildConfiguration;
			buildSettings = {
				ASSETCATALOG_COMPILER_APPICON_NAME = AppIcon;
				ASSETCATALOG_COMPILER_GLOBAL_ACCENT_COLOR_NAME = AccentColor;
				CODE_SIGN_STYLE = Automatic;
				CURRENT_PROJECT_VERSION = 1;
				DEVELOPMENT_ASSET_PATHS = "\"PitchDemo/Preview Content\"";
				DEVELOPMENT_TEAM = 62SDS28JUT;
				ENABLE_PREVIEWS = YES;
				GENERATE_INFOPLIST_FILE = YES;
				INFOPLIST_KEY_UIApplicationSceneManifest_Generation = YES;
				INFOPLIST_KEY_UIApplicationSupportsIndirectInputEvents = YES;
				INFOPLIST_KEY_UILaunchScreen_Generation = YES;
				INFOPLIST_KEY_UISupportedInterfaceOrientations_iPad = "UIInterfaceOrientationPortrait UIInterfaceOrientationPortraitUpsideDown UIInterfaceOrientationLandscapeLeft UIInterfaceOrientationLandscapeRight";
				INFOPLIST_KEY_UISupportedInterfaceOrientations_iPhone = "UIInterfaceOrientationPortrait UIInterfaceOrientationLandscapeLeft UIInterfaceOrientationLandscapeRight";
				LD_RUNPATH_SEARCH_PATHS = (
					"$(inherited)",
					"@executable_path/Frameworks",
				);
				MARKETING_VERSION = 1.0;
				PRODUCT_BUNDLE_IDENTIFIER = com.doyeonjeong.PitchDemo;
				PRODUCT_NAME = "$(TARGET_NAME)";
				SWIFT_EMIT_LOC_STRINGS = YES;
				SWIFT_VERSION = 5.0;
				TARGETED_DEVICE_FAMILY = "1,2";
			};
			name = Release;
		};
/* End XCBuildConfiguration section */

/* Begin XCConfigurationList section */
		8F7C298B2A2A022800B08D94 /* Build configuration list for PBXProject "PitchDemo" */ = {
			isa = XCConfigurationList;
			buildConfigurations = (
				8F7C299C2A2A022A00B08D94 /* Debug */,
				8F7C299D2A2A022A00B08D94 /* Release */,
			);
			defaultConfigurationIsVisible = 0;
			defaultConfigurationName = Release;
		};
		8F7C299E2A2A022A00B08D94 /* Build configuration list for PBXNativeTarget "PitchDemo" */ = {
			isa = XCConfigurationList;
			buildConfigurations = (
				8F7C299F2A2A022A00B08D94 /* Debug */,
				8F7C29A02A2A022A00B08D94 /* Release */,
			);
			defaultConfigurationIsVisible = 0;
			defaultConfigurationName = Release;
		};
/* End XCConfigurationList section */
	};
	rootObject = 8F7C29882A2A022800B08D94 /* Project object */;
}
